
Microsoft Visual Studio Solution File, Format Version 12.00
# Visual Studio Version 16
VisualStudioVersion = 16.0.30320.27
MinimumVisualStudioVersion = 10.0.40219.1
Project("{FAE04EC0-301F-11D3-BF4B-00C04F79EFBC}") = "MinhaAplicacao", "MinhaAplicacao\MinhaAplicacao.csproj", "{2D4BFCC5-15EE-4CA7-8186-D0F2A053E7F8}"
EndProject
Global
	GlobalSection(SolutionConfigurationPlatforms) = preSolution
		Debug|Any CPU = Debug|Any CPU
		Release|Any CPU = Release|Any CPU
	EndGlobalSection
	GlobalSection(ProjectConfigurationPlatforms) = postSolution
		{2D4BFCC5-15EE-4CA7-8186-D0F2A053E7F8}.Debug|Any CPU.ActiveCfg = Debug|Any CPU
		{2D4BFCC5-15EE-4CA7-8186-D0F2A053E7F8}.Debug|Any CPU.Build.0 = Debug|Any CPU
		{2D4BFCC5-15EE-4CA7-8186-D0F2A053E7F8}.Release|Any CPU.ActiveCfg = Release|Any CPU
		{2D4BFCC5-15EE-4CA7-8186-D0F2A053E7F8}.Release|Any CPU.Build.0 = Release|Any CPU
	EndGlobalSection
	GlobalSection(SolutionProperties) = preSolution
		HideSolutionNode = FALSE
	EndGlobalSection
	GlobalSection(ExtensibilityGlobals) = postSolution
		SolutionGuid = {E14408EA-6096-4B30-A626-3FEA6414400E}
	EndGlobalSection
EndGlobal
